
Microsoft Visual Studio Solution File, Format Version 12.00
# Visual Studio 15
VisualStudioVersion = 15.0.28307.645
MinimumVisualStudioVersion = 10.0.40219.1
Project("{888888A0-9F3D-457C-B088-3A5042F75D52}") = "国内校友人数统计分布图程序", "国内校友人数统计分布图程序\国内校友人数统计分布图程序.pyproj", "{DB5291EA-8705-4D50-B775-D91D96BE9EE9}"
EndProject
Global
	GlobalSection(SolutionConfigurationPlatforms) = preSolution
		Debug|Any CPU = Debug|Any CPU
		Release|Any CPU = Release|Any CPU
	EndGlobalSection
	GlobalSection(ProjectConfigurationPlatforms) = postSolution
		{DB5291EA-8705-4D50-B775-D91D96BE9EE9}.Debug|Any CPU.ActiveCfg = Debug|Any CPU
		{DB5291EA-8705-4D50-B775-D91D96BE9EE9}.Release|Any CPU.ActiveCfg = Release|Any CPU
	EndGlobalSection
	GlobalSection(SolutionProperties) = preSolution
		HideSolutionNode = FALSE
	EndGlobalSection
	GlobalSection(ExtensibilityGlobals) = postSolution
		SolutionGuid = {368155F3-BACE-40F6-85D0-DD6973126D93}
	EndGlobalSection
EndGlobal
